// !$*UTF8*$!
{
	archiveVersion = 1;
	classes = {
	};
	objectVersion = 46;
	objects = {

/* Begin PBXBuildFile section */
		792FB8811C0C50FC001DEA36 /* scene.png in Resources */ = {isa = PBXBuildFile; fileRef = 792FB8801C0C50FC001DEA36 /* scene.png */; };
		792FB8831C0C514B001DEA36 /* likeIcon.png in Resources */ = {isa = PBXBuildFile; fileRef = 792FB8821C0C514B001DEA36 /* likeIcon.png */; };
		792FB8851C0C5837001DEA36 /* user.png in Resources */ = {isa = PBXBuildFile; fileRef = 792FB8841C0C5837001DEA36 /* user.png */; };
		7949DEB51C05EB6500FDB849 /* Utility.swift in Sources */ = {isa = PBXBuildFile; fileRef = 7949DEB41C05EB6500FDB849 /* Utility.swift */; };
		79F0F8321BFF07610054D7B3 /* AppDelegate.swift in Sources */ = {isa = PBXBuildFile; fileRef = 79F0F8311BFF07610054D7B3 /* AppDelegate.swift */; };
		79F0F8341BFF07610054D7B3 /* ViewController.swift in Sources */ = {isa = PBXBuildFile; fileRef = 79F0F8331BFF07610054D7B3 /* ViewController.swift */; };
		79F0F8371BFF07610054D7B3 /* Main.storyboard in Resources */ = {isa = PBXBuildFile; fileRef = 79F0F8351BFF07610054D7B3 /* Main.storyboard */; };
		79F0F83A1BFF07610054D7B3 /* TestAutolayout.xcdatamodeld in Sources */ = {isa = PBXBuildFile; fileRef = 79F0F8381BFF07610054D7B3 /* TestAutolayout.xcdatamodeld */; };
		79F0F83C1BFF07610054D7B3 /* Assets.xcassets in Resources */ = {isa = PBXBuildFile; fileRef = 79F0F83B1BFF07610054D7B3 /* Assets.xcassets */; };
		79F0F83F1BFF07610054D7B3 /* LaunchScreen.storyboard in Resources */ = {isa = PBXBuildFile; fileRef = 79F0F83D1BFF07610054D7B3 /* LaunchScreen.storyboard */; };
		79F0F84A1BFF07620054D7B3 /* TestAutolayoutTests.swift in Sources */ = {isa = PBXBuildFile; fileRef = 79F0F8491BFF07610054D7B3 /* TestAutolayoutTests.swift */; };
		79F0F8551BFF07620054D7B3 /* TestAutolayoutUITests.swift in Sources */ = {isa = PBXBuildFile; fileRef = 79F0F8541BFF07620054D7B3 /* TestAutolayoutUITests.swift */; };
		79F0F8651BFF3BE50054D7B3 /* OptionsVC.swift in Sources */ = {isa = PBXBuildFile; fileRef = 79F0F8641BFF3BE50054D7B3 /* OptionsVC.swift */; };
		79F881591C02FC10006DB84A /* PUJobListVC.swift in Sources */ = {isa = PBXBuildFile; fileRef = 79F881581C02FC10006DB84A /* PUJobListVC.swift */; };
		79F881621C02FD0F006DB84A /* FlexibleHeightBar.swift in Sources */ = {isa = PBXBuildFile; fileRef = 79F8815B1C02FD0F006DB84A /* FlexibleHeightBar.swift */; };
		79F881631C02FD0F006DB84A /* FlexibleHeightBarBehaviorDefiner.swift in Sources */ = {isa = PBXBuildFile; fileRef = 79F8815C1C02FD0F006DB84A /* FlexibleHeightBarBehaviorDefiner.swift */; };
		79F881641C02FD0F006DB84A /* FlexibleHeightBarSubviewLayoutAttributes.swift in Sources */ = {isa = PBXBuildFile; fileRef = 79F8815E1C02FD0F006DB84A /* FlexibleHeightBarSubviewLayoutAttributes.swift */; };
		79F881651C02FD0F006DB84A /* SquareCashBarBehaviorDefiner.swift in Sources */ = {isa = PBXBuildFile; fileRef = 79F8815F1C02FD0F006DB84A /* SquareCashBarBehaviorDefiner.swift */; };
		79F881661C02FD0F006DB84A /* SquareCashFlexibleHeightBar.swift in Sources */ = {isa = PBXBuildFile; fileRef = 79F881601C02FD0F006DB84A /* SquareCashFlexibleHeightBar.swift */; };
		79F881671C02FD0F006DB84A /* SquareCashFlexibleHeightBar.xib in Resources */ = {isa = PBXBuildFile; fileRef = 79F881611C02FD0F006DB84A /* SquareCashFlexibleHeightBar.xib */; };
		79F881691C030A75006DB84A /* PUAppConstants.swift in Sources */ = {isa = PBXBuildFile; fileRef = 79F881681C030A75006DB84A /* PUAppConstants.swift */; };
		79F8816E1C030B42006DB84A /* Roboto-Light.ttf in Resources */ = {isa = PBXBuildFile; fileRef = 79F8816B1C030B42006DB84A /* Roboto-Light.ttf */; };
		79F8816F1C030B42006DB84A /* Roboto-Medium.ttf in Resources */ = {isa = PBXBuildFile; fileRef = 79F8816C1C030B42006DB84A /* Roboto-Medium.ttf */; };
		79F881701C030B42006DB84A /* Roboto-Regular.ttf in Resources */ = {isa = PBXBuildFile; fileRef = 79F8816D1C030B42006DB84A /* Roboto-Regular.ttf */; };
		79F881721C031792006DB84A /* PUJobView.swift in Sources */ = {isa = PBXBuildFile; fileRef = 79F881711C031792006DB84A /* PUJobView.swift */; };
/* End PBXBuildFile section */

/* Begin PBXContainerItemProxy section */
		79F0F8461BFF07610054D7B3 /* PBXContainerItemProxy */ = {
			isa = PBXContainerItemProxy;
			containerPortal = 79F0F8261BFF07610054D7B3 /* Project object */;
			proxyType = 1;
			remoteGlobalIDString = 79F0F82D1BFF07610054D7B3;
			remoteInfo = TestAutolayout;
		};
		79F0F8511BFF07620054D7B3 /* PBXContainerItemProxy */ = {
			isa = PBXContainerItemProxy;
			containerPortal = 79F0F8261BFF07610054D7B3 /* Project object */;
			proxyType = 1;
			remoteGlobalIDString = 79F0F82D1BFF07610054D7B3;
			remoteInfo = TestAutolayout;
		};
/* End PBXContainerItemProxy section */

/* Begin PBXFileReference section */
		792FB8801C0C50FC001DEA36 /* scene.png */ = {isa = PBXFileReference; lastKnownFileType = image.png; path = scene.png; sourceTree = "<group>"; };
		792FB8821C0C514B001DEA36 /* likeIcon.png */ = {isa = PBXFileReference; lastKnownFileType = image.png; path = likeIcon.png; sourceTree = "<group>"; };
		792FB8841C0C5837001DEA36 /* user.png */ = {isa = PBXFileReference; lastKnownFileType = image.png; path = user.png; sourceTree = "<group>"; };
		7949DEB41C05EB6500FDB849 /* Utility.swift */ = {isa = PBXFileReference; fileEncoding = 4; lastKnownFileType = sourcecode.swift; path = Utility.swift; sourceTree = "<group>"; };
		79F0F82E1BFF07610054D7B3 /* TestAutolayout.app */ = {isa = PBXFileReference; explicitFileType = wrapper.application; includeInIndex = 0; path = TestAutolayout.app; sourceTree = BUILT_PRODUCTS_DIR; };
		79F0F8311BFF07610054D7B3 /* AppDelegate.swift */ = {isa = PBXFileReference; lastKnownFileType = sourcecode.swift; path = AppDelegate.swift; sourceTree = "<group>"; };
		79F0F8331BFF07610054D7B3 /* ViewController.swift */ = {isa = PBXFileReference; lastKnownFileType = sourcecode.swift; path = ViewController.swift; sourceTree = "<group>"; };
		79F0F8361BFF07610054D7B3 /* Base */ = {isa = PBXFileReference; lastKnownFileType = file.storyboard; name = Base; path = Base.lproj/Main.storyboard; sourceTree = "<group>"; };
		79F0F8391BFF07610054D7B3 /* TestAutolayout.xcdatamodel */ = {isa = PBXFileReference; lastKnownFileType = wrapper.xcdatamodel; path = TestAutolayout.xcdatamodel; sourceTree = "<group>"; };
		79F0F83B1BFF07610054D7B3 /* Assets.xcassets */ = {isa = PBXFileReference; lastKnownFileType = folder.assetcatalog; path = Assets.xcassets; sourceTree = "<group>"; };
		79F0F83E1BFF07610054D7B3 /* Base */ = {isa = PBXFileReference; lastKnownFileType = file.storyboard; name = Base; path = Base.lproj/LaunchScreen.storyboard; sourceTree = "<group>"; };
		79F0F8401BFF07610054D7B3 /* Info.plist */ = {isa = PBXFileReference; lastKnownFileType = text.plist.xml; path = Info.plist; sourceTree = "<group>"; };
		79F0F8451BFF07610054D7B3 /* TestAutolayoutTests.xctest */ = {isa = PBXFileReference; explicitFileType = wrapper.cfbundle; includeInIndex = 0; path = TestAutolayoutTests.xctest; sourceTree = BUILT_PRODUCTS_DIR; };
		79F0F8491BFF07610054D7B3 /* TestAutolayoutTests.swift */ = {isa = PBXFileReference; lastKnownFileType = sourcecode.swift; path = TestAutolayoutTests.swift; sourceTree = "<group>"; };
		79F0F84B1BFF07620054D7B3 /* Info.plist */ = {isa = PBXFileReference; lastKnownFileType = text.plist.xml; path = Info.plist; sourceTree = "<group>"; };
		79F0F8501BFF07620054D7B3 /* TestAutolayoutUITests.xctest */ = {isa = PBXFileReference; explicitFileType = wrapper.cfbundle; includeInIndex = 0; path = TestAutolayoutUITests.xctest; sourceTree = BUILT_PRODUCTS_DIR; };
		79F0F8541BFF07620054D7B3 /* TestAutolayoutUITests.swift */ = {isa = PBXFileReference; lastKnownFileType = sourcecode.swift; path = TestAutolayoutUITests.swift; sourceTree = "<group>"; };
		79F0F8561BFF07620054D7B3 /* Info.plist */ = {isa = PBXFileReference; lastKnownFileType = text.plist.xml; path = Info.plist; sourceTree = "<group>"; };
		79F0F8641BFF3BE50054D7B3 /* OptionsVC.swift */ = {isa = PBXFileReference; fileEncoding = 4; lastKnownFileType = sourcecode.swift; path = OptionsVC.swift; sourceTree = "<group>"; };
		79F881581C02FC10006DB84A /* PUJobListVC.swift */ = {isa = PBXFileReference; fileEncoding = 4; lastKnownFileType = sourcecode.swift; path = PUJobListVC.swift; sourceTree = "<group>"; };
		79F8815B1C02FD0F006DB84A /* FlexibleHeightBar.swift */ = {isa = PBXFileReference; fileEncoding = 4; lastKnownFileType = sourcecode.swift; path = FlexibleHeightBar.swift; sourceTree = "<group>"; };
		79F8815C1C02FD0F006DB84A /* FlexibleHeightBarBehaviorDefiner.swift */ = {isa = PBXFileReference; fileEncoding = 4; lastKnownFileType = sourcecode.swift; path = FlexibleHeightBarBehaviorDefiner.swift; sourceTree = "<group>"; };
		79F8815E1C02FD0F006DB84A /* FlexibleHeightBarSubviewLayoutAttributes.swift */ = {isa = PBXFileReference; fileEncoding = 4; lastKnownFileType = sourcecode.swift; path = FlexibleHeightBarSubviewLayoutAttributes.swift; sourceTree = "<group>"; };
		79F8815F1C02FD0F006DB84A /* SquareCashBarBehaviorDefiner.swift */ = {isa = PBXFileReference; fileEncoding = 4; lastKnownFileType = sourcecode.swift; path = SquareCashBarBehaviorDefiner.swift; sourceTree = "<group>"; };
		79F881601C02FD0F006DB84A /* SquareCashFlexibleHeightBar.swift */ = {isa = PBXFileReference; fileEncoding = 4; lastKnownFileType = sourcecode.swift; path = SquareCashFlexibleHeightBar.swift; sourceTree = "<group>"; };
		79F881611C02FD0F006DB84A /* SquareCashFlexibleHeightBar.xib */ = {isa = PBXFileReference; fileEncoding = 4; lastKnownFileType = file.xib; path = SquareCashFlexibleHeightBar.xib; sourceTree = "<group>"; };
		79F881681C030A75006DB84A /* PUAppConstants.swift */ = {isa = PBXFileReference; fileEncoding = 4; lastKnownFileType = sourcecode.swift; path = PUAppConstants.swift; sourceTree = "<group>"; };
		79F8816B1C030B42006DB84A /* Roboto-Light.ttf */ = {isa = PBXFileReference; lastKnownFileType = file; path = "Roboto-Light.ttf"; sourceTree = "<group>"; };
		79F8816C1C030B42006DB84A /* Roboto-Medium.ttf */ = {isa = PBXFileReference; lastKnownFileType = file; path = "Roboto-Medium.ttf"; sourceTree = "<group>"; };
		79F8816D1C030B42006DB84A /* Roboto-Regular.ttf */ = {isa = PBXFileReference; lastKnownFileType = file; path = "Roboto-Regular.ttf"; sourceTree = "<group>"; };
		79F881711C031792006DB84A /* PUJobView.swift */ = {isa = PBXFileReference; fileEncoding = 4; lastKnownFileType = sourcecode.swift; path = PUJobView.swift; sourceTree = "<group>"; };
/* End PBXFileReference section */

/* Begin PBXFrameworksBuildPhase section */
		79F0F82B1BFF07610054D7B3 /* Frameworks */ = {
			isa = PBXFrameworksBuildPhase;
			buildActionMask = 2147483647;
			files = (
			);
			runOnlyForDeploymentPostprocessing = 0;
		};
		79F0F8421BFF07610054D7B3 /* Frameworks */ = {
			isa = PBXFrameworksBuildPhase;
			buildActionMask = 2147483647;
			files = (
			);
			runOnlyForDeploymentPostprocessing = 0;
		};
		79F0F84D1BFF07620054D7B3 /* Frameworks */ = {
			isa = PBXFrameworksBuildPhase;
			buildActionMask = 2147483647;
			files = (
			);
			runOnlyForDeploymentPostprocessing = 0;
		};
/* End PBXFrameworksBuildPhase section */

/* Begin PBXGroup section */
		79F0F8251BFF07610054D7B3 = {
			isa = PBXGroup;
			children = (
				79F0F8301BFF07610054D7B3 /* TestAutolayout */,
				79F0F8481BFF07610054D7B3 /* TestAutolayoutTests */,
				79F0F8531BFF07620054D7B3 /* TestAutolayoutUITests */,
				79F0F82F1BFF07610054D7B3 /* Products */,
			);
			sourceTree = "<group>";
		};
		79F0F82F1BFF07610054D7B3 /* Products */ = {
			isa = PBXGroup;
			children = (
				79F0F82E1BFF07610054D7B3 /* TestAutolayout.app */,
				79F0F8451BFF07610054D7B3 /* TestAutolayoutTests.xctest */,
				79F0F8501BFF07620054D7B3 /* TestAutolayoutUITests.xctest */,
			);
			name = Products;
			sourceTree = "<group>";
		};
		79F0F8301BFF07610054D7B3 /* TestAutolayout */ = {
			isa = PBXGroup;
			children = (
				7949DEB41C05EB6500FDB849 /* Utility.swift */,
				79F8816A1C030B42006DB84A /* Fonts */,
				79F8815A1C02FD0F006DB84A /* FlexibleHeightBar */,
				79F881681C030A75006DB84A /* PUAppConstants.swift */,
				79F0F8311BFF07610054D7B3 /* AppDelegate.swift */,
				79F0F8331BFF07610054D7B3 /* ViewController.swift */,
				79F881581C02FC10006DB84A /* PUJobListVC.swift */,
				79F0F8641BFF3BE50054D7B3 /* OptionsVC.swift */,
				79F881711C031792006DB84A /* PUJobView.swift */,
				79F0F8351BFF07610054D7B3 /* Main.storyboard */,
				792FB8841C0C5837001DEA36 /* user.png */,
				79F0F83B1BFF07610054D7B3 /* Assets.xcassets */,
				792FB8821C0C514B001DEA36 /* likeIcon.png */,
				792FB8801C0C50FC001DEA36 /* scene.png */,
				79F0F83D1BFF07610054D7B3 /* LaunchScreen.storyboard */,
				79F0F8401BFF07610054D7B3 /* Info.plist */,
				79F0F8381BFF07610054D7B3 /* TestAutolayout.xcdatamodeld */,
			);
			path = TestAutolayout;
			sourceTree = "<group>";
		};
		79F0F8481BFF07610054D7B3 /* TestAutolayoutTests */ = {
			isa = PBXGroup;
			children = (
				79F0F8491BFF07610054D7B3 /* TestAutolayoutTests.swift */,
				79F0F84B1BFF07620054D7B3 /* Info.plist */,
			);
			path = TestAutolayoutTests;
			sourceTree = "<group>";
		};
		79F0F8531BFF07620054D7B3 /* TestAutolayoutUITests */ = {
			isa = PBXGroup;
			children = (
				79F0F8541BFF07620054D7B3 /* TestAutolayoutUITests.swift */,
				79F0F8561BFF07620054D7B3 /* Info.plist */,
			);
			path = TestAutolayoutUITests;
			sourceTree = "<group>";
		};
		79F8815A1C02FD0F006DB84A /* FlexibleHeightBar */ = {
			isa = PBXGroup;
			children = (
				79F8815B1C02FD0F006DB84A /* FlexibleHeightBar.swift */,
				79F8815C1C02FD0F006DB84A /* FlexibleHeightBarBehaviorDefiner.swift */,
				79F8815D1C02FD0F006DB84A /* FlexibleHeightBarDemo */,
				79F8815E1C02FD0F006DB84A /* FlexibleHeightBarSubviewLayoutAttributes.swift */,
				79F8815F1C02FD0F006DB84A /* SquareCashBarBehaviorDefiner.swift */,
				79F881601C02FD0F006DB84A /* SquareCashFlexibleHeightBar.swift */,
				79F881611C02FD0F006DB84A /* SquareCashFlexibleHeightBar.xib */,
			);
			path = FlexibleHeightBar;
			sourceTree = "<group>";
		};
		79F8815D1C02FD0F006DB84A /* FlexibleHeightBarDemo */ = {
			isa = PBXGroup;
			children = (
			);
			path = FlexibleHeightBarDemo;
			sourceTree = "<group>";
		};
		79F8816A1C030B42006DB84A /* Fonts */ = {
			isa = PBXGroup;
			children = (
				79F8816B1C030B42006DB84A /* Roboto-Light.ttf */,
				79F8816C1C030B42006DB84A /* Roboto-Medium.ttf */,
				79F8816D1C030B42006DB84A /* Roboto-Regular.ttf */,
			);
			path = Fonts;
			sourceTree = "<group>";
		};
/* End PBXGroup section */

/* Begin PBXNativeTarget section */
		79F0F82D1BFF07610054D7B3 /* TestAutolayout */ = {
			isa = PBXNativeTarget;
			buildConfigurationList = 79F0F8591BFF07620054D7B3 /* Build configuration list for PBXNativeTarget "TestAutolayout" */;
			buildPhases = (
				79F0F82A1BFF07610054D7B3 /* Sources */,
				79F0F82B1BFF07610054D7B3 /* Frameworks */,
				79F0F82C1BFF07610054D7B3 /* Resources */,
			);
			buildRules = (
			);
			dependencies = (
			);
			name = TestAutolayout;
			productName = TestAutolayout;
			productReference = 79F0F82E1BFF07610054D7B3 /* TestAutolayout.app */;
			productType = "com.apple.product-type.application";
		};
		79F0F8441BFF07610054D7B3 /* TestAutolayoutTests */ = {
			isa = PBXNativeTarget;
			buildConfigurationList = 79F0F85C1BFF07620054D7B3 /* Build configuration list for PBXNativeTarget "TestAutolayoutTests" */;
			buildPhases = (
				79F0F8411BFF07610054D7B3 /* Sources */,
				79F0F8421BFF07610054D7B3 /* Frameworks */,
				79F0F8431BFF07610054D7B3 /* Resources */,
			);
			buildRules = (
			);
			dependencies = (
				79F0F8471BFF07610054D7B3 /* PBXTargetDependency */,
			);
			name = TestAutolayoutTests;
			productName = TestAutolayoutTests;
			productReference = 79F0F8451BFF07610054D7B3 /* TestAutolayoutTests.xctest */;
			productType = "com.apple.product-type.bundle.unit-test";
		};
		79F0F84F1BFF07620054D7B3 /* TestAutolayoutUITests */ = {
			isa = PBXNativeTarget;
			buildConfigurationList = 79F0F85F1BFF07620054D7B3 /* Build configuration list for PBXNativeTarget "TestAutolayoutUITests" */;
			buildPhases = (
				79F0F84C1BFF07620054D7B3 /* Sources */,
				79F0F84D1BFF07620054D7B3 /* Frameworks */,
				79F0F84E1BFF07620054D7B3 /* Resources */,
			);
			buildRules = (
			);
			dependencies = (
				79F0F8521BFF07620054D7B3 /* PBXTargetDependency */,
			);
			name = TestAutolayoutUITests;
			productName = TestAutolayoutUITests;
			productReference = 79F0F8501BFF07620054D7B3 /* TestAutolayoutUITests.xctest */;
			productType = "com.apple.product-type.bundle.ui-testing";
		};
/* End PBXNativeTarget section */

/* Begin PBXProject section */
		79F0F8261BFF07610054D7B3 /* Project object */ = {
			isa = PBXProject;
			attributes = {
				LastUpgradeCheck = 0700;
				ORGANIZATIONNAME = "Innofied Solutions Pvt. Ltd.";
				TargetAttributes = {
					79F0F82D1BFF07610054D7B3 = {
						CreatedOnToolsVersion = 7.0;
					};
					79F0F8441BFF07610054D7B3 = {
						CreatedOnToolsVersion = 7.0;
						TestTargetID = 79F0F82D1BFF07610054D7B3;
					};
					79F0F84F1BFF07620054D7B3 = {
						CreatedOnToolsVersion = 7.0;
						TestTargetID = 79F0F82D1BFF07610054D7B3;
					};
				};
			};
			buildConfigurationList = 79F0F8291BFF07610054D7B3 /* Build configuration list for PBXProject "TestAutolayout" */;
			compatibilityVersion = "Xcode 3.2";
			developmentRegion = English;
			hasScannedForEncodings = 0;
			knownRegions = (
				en,
				Base,
			);
			mainGroup = 79F0F8251BFF07610054D7B3;
			productRefGroup = 79F0F82F1BFF07610054D7B3 /* Products */;
			projectDirPath = "";
			projectRoot = "";
			targets = (
				79F0F82D1BFF07610054D7B3 /* TestAutolayout */,
				79F0F8441BFF07610054D7B3 /* TestAutolayoutTests */,
				79F0F84F1BFF07620054D7B3 /* TestAutolayoutUITests */,
			);
		};
/* End PBXProject section */

/* Begin PBXResourcesBuildPhase section */
		79F0F82C1BFF07610054D7B3 /* Resources */ = {
			isa = PBXResourcesBuildPhase;
			buildActionMask = 2147483647;
			files = (
				79F0F83F1BFF07610054D7B3 /* LaunchScreen.storyboard in Resources */,
				792FB8811C0C50FC001DEA36 /* scene.png in Resources */,
				79F881701C030B42006DB84A /* Roboto-Regular.ttf in Resources */,
				79F881671C02FD0F006DB84A /* SquareCashFlexibleHeightBar.xib in Resources */,
				792FB8831C0C514B001DEA36 /* likeIcon.png in Resources */,
				79F8816F1C030B42006DB84A /* Roboto-Medium.ttf in Resources */,
				792FB8851C0C5837001DEA36 /* user.png in Resources */,
				79F8816E1C030B42006DB84A /* Roboto-Light.ttf in Resources */,
				79F0F83C1BFF07610054D7B3 /* Assets.xcassets in Resources */,
				79F0F8371BFF07610054D7B3 /* Main.storyboard in Resources */,
			);
			runOnlyForDeploymentPostprocessing = 0;
		};
		79F0F8431BFF07610054D7B3 /* Resources */ = {
			isa = PBXResourcesBuildPhase;
			buildActionMask = 2147483647;
			files = (
			);
			runOnlyForDeploymentPostprocessing = 0;
		};
		79F0F84E1BFF07620054D7B3 /* Resources */ = {
			isa = PBXResourcesBuildPhase;
			buildActionMask = 2147483647;
			files = (
			);
			runOnlyForDeploymentPostprocessing = 0;
		};
/* End PBXResourcesBuildPhase section */

/* Begin PBXSourcesBuildPhase section */
		79F0F82A1BFF07610054D7B3 /* Sources */ = {
			isa = PBXSourcesBuildPhase;
			buildActionMask = 2147483647;
			files = (
				79F881631C02FD0F006DB84A /* FlexibleHeightBarBehaviorDefiner.swift in Sources */,
				79F0F8341BFF07610054D7B3 /* ViewController.swift in Sources */,
				79F881621C02FD0F006DB84A /* FlexibleHeightBar.swift in Sources */,
				79F0F83A1BFF07610054D7B3 /* TestAutolayout.xcdatamodeld in Sources */,
				79F881641C02FD0F006DB84A /* FlexibleHeightBarSubviewLayoutAttributes.swift in Sources */,
				79F881721C031792006DB84A /* PUJobView.swift in Sources */,
				79F881591C02FC10006DB84A /* PUJobListVC.swift in Sources */,
				7949DEB51C05EB6500FDB849 /* Utility.swift in Sources */,
				79F881691C030A75006DB84A /* PUAppConstants.swift in Sources */,
				79F0F8321BFF07610054D7B3 /* AppDelegate.swift in Sources */,
				79F0F8651BFF3BE50054D7B3 /* OptionsVC.swift in Sources */,
				79F881651C02FD0F006DB84A /* SquareCashBarBehaviorDefiner.swift in Sources */,
				79F881661C02FD0F006DB84A /* SquareCashFlexibleHeightBar.swift in Sources */,
			);
			runOnlyForDeploymentPostprocessing = 0;
		};
		79F0F8411BFF07610054D7B3 /* Sources */ = {
			isa = PBXSourcesBuildPhase;
			buildActionMask = 2147483647;
			files = (
				79F0F84A1BFF07620054D7B3 /* TestAutolayoutTests.swift in Sources */,
			);
			runOnlyForDeploymentPostprocessing = 0;
		};
		79F0F84C1BFF07620054D7B3 /* Sources */ = {
			isa = PBXSourcesBuildPhase;
			buildActionMask = 2147483647;
			files = (
				79F0F8551BFF07620054D7B3 /* TestAutolayoutUITests.swift in Sources */,
			);
			runOnlyForDeploymentPostprocessing = 0;
		};
/* End PBXSourcesBuildPhase section */

/* Begin PBXTargetDependency section */
		79F0F8471BFF07610054D7B3 /* PBXTargetDependency */ = {
			isa = PBXTargetDependency;
			target = 79F0F82D1BFF07610054D7B3 /* TestAutolayout */;
			targetProxy = 79F0F8461BFF07610054D7B3 /* PBXContainerItemProxy */;
		};
		79F0F8521BFF07620054D7B3 /* PBXTargetDependency */ = {
			isa = PBXTargetDependency;
			target = 79F0F82D1BFF07610054D7B3 /* TestAutolayout */;
			targetProxy = 79F0F8511BFF07620054D7B3 /* PBXContainerItemProxy */;
		};
/* End PBXTargetDependency section */

/* Begin PBXVariantGroup section */
		79F0F8351BFF07610054D7B3 /* Main.storyboard */ = {
			isa = PBXVariantGroup;
			children = (
				79F0F8361BFF07610054D7B3 /* Base */,
			);
			name = Main.storyboard;
			sourceTree = "<group>";
		};
		79F0F83D1BFF07610054D7B3 /* LaunchScreen.storyboard */ = {
			isa = PBXVariantGroup;
			children = (
				79F0F83E1BFF07610054D7B3 /* Base */,
			);
			name = LaunchScreen.storyboard;
			sourceTree = "<group>";
		};
/* End PBXVariantGroup section */

/* Begin XCBuildConfiguration section */
		79F0F8571BFF07620054D7B3 /* Debug */ = {
			isa = XCBuildConfiguration;
			buildSettings = {
				ALWAYS_SEARCH_USER_PATHS = NO;
				CLANG_CXX_LANGUAGE_STANDARD = "gnu++0x";
				CLANG_CXX_LIBRARY = "libc++";
				CLANG_ENABLE_MODULES = YES;
				CLANG_ENABLE_OBJC_ARC = YES;
				CLANG_WARN_BOOL_CONVERSION = YES;
				CLANG_WARN_CONSTANT_CONVERSION = YES;
				CLANG_WARN_DIRECT_OBJC_ISA_USAGE = YES_ERROR;
				CLANG_WARN_EMPTY_BODY = YES;
				CLANG_WARN_ENUM_CONVERSION = YES;
				CLANG_WARN_INT_CONVERSION = YES;
				CLANG_WARN_OBJC_ROOT_CLASS = YES_ERROR;
				CLANG_WARN_UNREACHABLE_CODE = YES;
				CLANG_WARN__DUPLICATE_METHOD_MATCH = YES;
				"CODE_SIGN_IDENTITY[sdk=iphoneos*]" = "iPhone Developer";
				COPY_PHASE_STRIP = NO;
				DEBUG_INFORMATION_FORMAT = dwarf;
				ENABLE_STRICT_OBJC_MSGSEND = YES;
				ENABLE_TESTABILITY = YES;
				GCC_C_LANGUAGE_STANDARD = gnu99;
				GCC_DYNAMIC_NO_PIC = NO;
				GCC_NO_COMMON_BLOCKS = YES;
				GCC_OPTIMIZATION_LEVEL = 0;
				GCC_PREPROCESSOR_DEFINITIONS = (
					"DEBUG=1",
					"$(inherited)",
				);
				GCC_WARN_64_TO_32_BIT_CONVERSION = YES;
				GCC_WARN_ABOUT_RETURN_TYPE = YES_ERROR;
				GCC_WARN_UNDECLARED_SELECTOR = YES;
				GCC_WARN_UNINITIALIZED_AUTOS = YES_AGGRESSIVE;
				GCC_WARN_UNUSED_FUNCTION = YES;
				GCC_WARN_UNUSED_VARIABLE = YES;
				IPHONEOS_DEPLOYMENT_TARGET = 9.0;
				MTL_ENABLE_DEBUG_INFO = YES;
				ONLY_ACTIVE_ARCH = YES;
				SDKROOT = iphoneos;
				SWIFT_OPTIMIZATION_LEVEL = "-Onone";
			};
			name = Debug;
		};
		79F0F8581BFF07620054D7B3 /* Release */ = {
			isa = XCBuildConfiguration;
			buildSettings = {
				ALWAYS_SEARCH_USER_PATHS = NO;
				CLANG_CXX_LANGUAGE_STANDARD = "gnu++0x";
				CLANG_CXX_LIBRARY = "libc++";
				CLANG_ENABLE_MODULES = YES;
				CLANG_ENABLE_OBJC_ARC = YES;
				CLANG_WARN_BOOL_CONVERSION = YES;
				CLANG_WARN_CONSTANT_CONVERSION = YES;
				CLANG_WARN_DIRECT_OBJC_ISA_USAGE = YES_ERROR;
				CLANG_WARN_EMPTY_BODY = YES;
				CLANG_WARN_ENUM_CONVERSION = YES;
				CLANG_WARN_INT_CONVERSION = YES;
				CLANG_WARN_OBJC_ROOT_CLASS = YES_ERROR;
				CLANG_WARN_UNREACHABLE_CODE = YES;
				CLANG_WARN__DUPLICATE_METHOD_MATCH = YES;
				"CODE_SIGN_IDENTITY[sdk=iphoneos*]" = "iPhone Developer";
				COPY_PHASE_STRIP = NO;
				DEBUG_INFORMATION_FORMAT = "dwarf-with-dsym";
				ENABLE_NS_ASSERTIONS = NO;
				ENABLE_STRICT_OBJC_MSGSEND = YES;
				GCC_C_LANGUAGE_STANDARD = gnu99;
				GCC_NO_COMMON_BLOCKS = YES;
				GCC_WARN_64_TO_32_BIT_CONVERSION = YES;
				GCC_WARN_ABOUT_RETURN_TYPE = YES_ERROR;
				GCC_WARN_UNDECLARED_SELECTOR = YES;
				GCC_WARN_UNINITIALIZED_AUTOS = YES_AGGRESSIVE;
				GCC_WARN_UNUSED_FUNCTION = YES;
				GCC_WARN_UNUSED_VARIABLE = YES;
				IPHONEOS_DEPLOYMENT_TARGET = 9.0;
				MTL_ENABLE_DEBUG_INFO = NO;
				SDKROOT = iphoneos;
				VALIDATE_PRODUCT = YES;
			};
			name = Release;
		};
		79F0F85A1BFF07620054D7B3 /* Debug */ = {
			isa = XCBuildConfiguration;
			buildSettings = {
				ASSETCATALOG_COMPILER_APPICON_NAME = AppIcon;
				INFOPLIST_FILE = TestAutolayout/Info.plist;
				LD_RUNPATH_SEARCH_PATHS = "$(inherited) @executable_path/Frameworks";
				PRODUCT_BUNDLE_IDENTIFIER = com.innofied.TestAutolayout;
				PRODUCT_NAME = "$(TARGET_NAME)";
			};
			name = Debug;
		};
		79F0F85B1BFF07620054D7B3 /* Release */ = {
			isa = XCBuildConfiguration;
			buildSettings = {
				ASSETCATALOG_COMPILER_APPICON_NAME = AppIcon;
				INFOPLIST_FILE = TestAutolayout/Info.plist;
				LD_RUNPATH_SEARCH_PATHS = "$(inherited) @executable_path/Frameworks";
				PRODUCT_BUNDLE_IDENTIFIER = com.innofied.TestAutolayout;
				PRODUCT_NAME = "$(TARGET_NAME)";
			};
			name = Release;
		};
		79F0F85D1BFF07620054D7B3 /* Debug */ = {
			isa = XCBuildConfiguration;
			buildSettings = {
				BUNDLE_LOADER = "$(TEST_HOST)";
				INFOPLIST_FILE = TestAutolayoutTests/Info.plist;
				LD_RUNPATH_SEARCH_PATHS = "$(inherited) @executable_path/Frameworks @loader_path/Frameworks";
				PRODUCT_BUNDLE_IDENTIFIER = com.innofied.TestAutolayoutTests;
				PRODUCT_NAME = "$(TARGET_NAME)";
				TEST_HOST = "$(BUILT_PRODUCTS_DIR)/TestAutolayout.app/TestAutolayout";
			};
			name = Debug;
		};
		79F0F85E1BFF07620054D7B3 /* Release */ = {
			isa = XCBuildConfiguration;
			buildSettings = {
				BUNDLE_LOADER = "$(TEST_HOST)";
				INFOPLIST_FILE = TestAutolayoutTests/Info.plist;
				LD_RUNPATH_SEARCH_PATHS = "$(inherited) @executable_path/Frameworks @loader_path/Frameworks";
				PRODUCT_BUNDLE_IDENTIFIER = com.innofied.TestAutolayoutTests;
				PRODUCT_NAME = "$(TARGET_NAME)";
				TEST_HOST = "$(BUILT_PRODUCTS_DIR)/TestAutolayout.app/TestAutolayout";
			};
			name = Release;
		};
		79F0F8601BFF07620054D7B3 /* Debug */ = {
			isa = XCBuildConfiguration;
			buildSettings = {
				INFOPLIST_FILE = TestAutolayoutUITests/Info.plist;
				LD_RUNPATH_SEARCH_PATHS = "$(inherited) @executable_path/Frameworks @loader_path/Frameworks";
				PRODUCT_BUNDLE_IDENTIFIER = com.innofied.TestAutolayoutUITests;
				PRODUCT_NAME = "$(TARGET_NAME)";
				TEST_TARGET_NAME = TestAutolayout;
				USES_XCTRUNNER = YES;
			};
			name = Debug;
		};
		79F0F8611BFF07620054D7B3 /* Release */ = {
			isa = XCBuildConfiguration;
			buildSettings = {
				INFOPLIST_FILE = TestAutolayoutUITests/Info.plist;
				LD_RUNPATH_SEARCH_PATHS = "$(inherited) @executable_path/Frameworks @loader_path/Frameworks";
				PRODUCT_BUNDLE_IDENTIFIER = com.innofied.TestAutolayoutUITests;
				PRODUCT_NAME = "$(TARGET_NAME)";
				TEST_TARGET_NAME = TestAutolayout;
				USES_XCTRUNNER = YES;
			};
			name = Release;
		};
/* End XCBuildConfiguration section */

/* Begin XCConfigurationList section */
		79F0F8291BFF07610054D7B3 /* Build configuration list for PBXProject "TestAutolayout" */ = {
			isa = XCConfigurationList;
			buildConfigurations = (
				79F0F8571BFF07620054D7B3 /* Debug */,
				79F0F8581BFF07620054D7B3 /* Release */,
			);
			defaultConfigurationIsVisible = 0;
			defaultConfigurationName = Release;
		};
		79F0F8591BFF07620054D7B3 /* Build configuration list for PBXNativeTarget "TestAutolayout" */ = {
			isa = XCConfigurationList;
			buildConfigurations = (
				79F0F85A1BFF07620054D7B3 /* Debug */,
				79F0F85B1BFF07620054D7B3 /* Release */,
			);
			defaultConfigurationIsVisible = 0;
			defaultConfigurationName = Release;
		};
		79F0F85C1BFF07620054D7B3 /* Build configuration list for PBXNativeTarget "TestAutolayoutTests" */ = {
			isa = XCConfigurationList;
			buildConfigurations = (
				79F0F85D1BFF07620054D7B3 /* Debug */,
				79F0F85E1BFF07620054D7B3 /* Release */,
			);
			defaultConfigurationIsVisible = 0;
			defaultConfigurationName = Release;
		};
		79F0F85F1BFF07620054D7B3 /* Build configuration list for PBXNativeTarget "TestAutolayoutUITests" */ = {
			isa = XCConfigurationList;
			buildConfigurations = (
				79F0F8601BFF07620054D7B3 /* Debug */,
				79F0F8611BFF07620054D7B3 /* Release */,
			);
			defaultConfigurationIsVisible = 0;
			defaultConfigurationName = Release;
		};
/* End XCConfigurationList section */

/* Begin XCVersionGroup section */
		79F0F8381BFF07610054D7B3 /* TestAutolayout.xcdatamodeld */ = {
			isa = XCVersionGroup;
			children = (
				79F0F8391BFF07610054D7B3 /* TestAutolayout.xcdatamodel */,
			);
			currentVersion = 79F0F8391BFF07610054D7B3 /* TestAutolayout.xcdatamodel */;
			path = TestAutolayout.xcdatamodeld;
			sourceTree = "<group>";
			versionGroupType = wrapper.xcdatamodel;
		};
/* End XCVersionGroup section */
	};
	rootObject = 79F0F8261BFF07610054D7B3 /* Project object */;
}
